// !$*UTF8*$!
{
	archiveVersion = 1;
	classes = {
	};
	objectVersion = 56;
	objects = {

/* Begin PBXBuildFile section */
		4ADC70C82986080D00ACBF48 /* FoodDict.swift in Sources */ = {isa = PBXBuildFile; fileRef = 4ADC70C72986080D00ACBF48 /* FoodDict.swift */; };
		4AE4F8FF297DBFBD00EC5FBD /* BracesApp.swift in Sources */ = {isa = PBXBuildFile; fileRef = 4AE4F8FE297DBFBD00EC5FBD /* BracesApp.swift */; };
		4AE4F901297DBFBD00EC5FBD /* ContentView.swift in Sources */ = {isa = PBXBuildFile; fileRef = 4AE4F900297DBFBD00EC5FBD /* ContentView.swift */; };
		4AE4F903297DBFBE00EC5FBD /* Assets.xcassets in Resources */ = {isa = PBXBuildFile; fileRef = 4AE4F902297DBFBE00EC5FBD /* Assets.xcassets */; };
		4AE4F906297DBFBE00EC5FBD /* Preview Assets.xcassets in Resources */ = {isa = PBXBuildFile; fileRef = 4AE4F905297DBFBE00EC5FBD /* Preview Assets.xcassets */; };
		4AE4F910297DBFBE00EC5FBD /* BracesTests.swift in Sources */ = {isa = PBXBuildFile; fileRef = 4AE4F90F297DBFBE00EC5FBD /* BracesTests.swift */; };
		4AE4F91A297DBFBE00EC5FBD /* BracesUITests.swift in Sources */ = {isa = PBXBuildFile; fileRef = 4AE4F919297DBFBE00EC5FBD /* BracesUITests.swift */; };
		4AE4F91C297DBFBE00EC5FBD /* BracesUITestsLaunchTests.swift in Sources */ = {isa = PBXBuildFile; fileRef = 4AE4F91B297DBFBE00EC5FBD /* BracesUITestsLaunchTests.swift */; };
/* End PBXBuildFile section */

/* Begin PBXContainerItemProxy section */
		4AE4F90C297DBFBE00EC5FBD /* PBXContainerItemProxy */ = {
			isa = PBXContainerItemProxy;
			containerPortal = 4AE4F8F3297DBFBD00EC5FBD /* Project object */;
			proxyType = 1;
			remoteGlobalIDString = 4AE4F8FA297DBFBD00EC5FBD;
			remoteInfo = Braces;
		};
		4AE4F916297DBFBE00EC5FBD /* PBXContainerItemProxy */ = {
			isa = PBXContainerItemProxy;
			containerPortal = 4AE4F8F3297DBFBD00EC5FBD /* Project object */;
			proxyType = 1;
			remoteGlobalIDString = 4AE4F8FA297DBFBD00EC5FBD;
			remoteInfo = Braces;
		};
/* End PBXContainerItemProxy section */

/* Begin PBXFileReference section */
		4ADC70C72986080D00ACBF48 /* FoodDict.swift */ = {isa = PBXFileReference; lastKnownFileType = sourcecode.swift; path = FoodDict.swift; sourceTree = "<group>"; };
		4AE4F8FB297DBFBD00EC5FBD /* Braces.app */ = {isa = PBXFileReference; explicitFileType = wrapper.application; includeInIndex = 0; path = Braces.app; sourceTree = BUILT_PRODUCTS_DIR; };
		4AE4F8FE297DBFBD00EC5FBD /* BracesApp.swift */ = {isa = PBXFileReference; lastKnownFileType = sourcecode.swift; path = BracesApp.swift; sourceTree = "<group>"; };
		4AE4F900297DBFBD00EC5FBD /* ContentView.swift */ = {isa = PBXFileReference; lastKnownFileType = sourcecode.swift; path = ContentView.swift; sourceTree = "<group>"; };
		4AE4F902297DBFBE00EC5FBD /* Assets.xcassets */ = {isa = PBXFileReference; lastKnownFileType = folder.assetcatalog; path = Assets.xcassets; sourceTree = "<group>"; };
		4AE4F905297DBFBE00EC5FBD /* Preview Assets.xcassets */ = {isa = PBXFileReference; lastKnownFileType = folder.assetcatalog; path = "Preview Assets.xcassets"; sourceTree = "<group>"; };
		4AE4F90B297DBFBE00EC5FBD /* BracesTests.xctest */ = {isa = PBXFileReference; explicitFileType = wrapper.cfbundle; includeInIndex = 0; path = BracesTests.xctest; sourceTree = BUILT_PRODUCTS_DIR; };
		4AE4F90F297DBFBE00EC5FBD /* BracesTests.swift */ = {isa = PBXFileReference; lastKnownFileType = sourcecode.swift; path = BracesTests.swift; sourceTree = "<group>"; };
		4AE4F915297DBFBE00EC5FBD /* BracesUITests.xctest */ = {isa = PBXFileReference; explicitFileType = wrapper.cfbundle; includeInIndex = 0; path = BracesUITests.xctest; sourceTree = BUILT_PRODUCTS_DIR; };
		4AE4F919297DBFBE00EC5FBD /* BracesUITests.swift */ = {isa = PBXFileReference; lastKnownFileType = sourcecode.swift; path = BracesUITests.swift; sourceTree = "<group>"; };
		4AE4F91B297DBFBE00EC5FBD /* BracesUITestsLaunchTests.swift */ = {isa = PBXFileReference; lastKnownFileType = sourcecode.swift; path = BracesUITestsLaunchTests.swift; sourceTree = "<group>"; };
/* End PBXFileReference section */

/* Begin PBXFrameworksBuildPhase section */
		4AE4F8F8297DBFBD00EC5FBD /* Frameworks */ = {
			isa = PBXFrameworksBuildPhase;
			buildActionMask = 2147483647;
			files = (
			);
			runOnlyForDeploymentPostprocessing = 0;
		};
		4AE4F908297DBFBE00EC5FBD /* Frameworks */ = {
			isa = PBXFrameworksBuildPhase;
			buildActionMask = 2147483647;
			files = (
			);
			runOnlyForDeploymentPostprocessing = 0;
		};
		4AE4F912297DBFBE00EC5FBD /* Frameworks */ = {
			isa = PBXFrameworksBuildPhase;
			buildActionMask = 2147483647;
			files = (
			);
			runOnlyForDeploymentPostprocessing = 0;
		};
/* End PBXFrameworksBuildPhase section */

/* Begin PBXGroup section */
		4AE4F8F2297DBFBD00EC5FBD = {
			isa = PBXGroup;
			children = (
				4AE4F8FD297DBFBD00EC5FBD /* Braces */,
				4AE4F90E297DBFBE00EC5FBD /* BracesTests */,
				4AE4F918297DBFBE00EC5FBD /* BracesUITests */,
				4AE4F8FC297DBFBD00EC5FBD /* Products */,
			);
			sourceTree = "<group>";
		};
		4AE4F8FC297DBFBD00EC5FBD /* Products */ = {
			isa = PBXGroup;
			children = (
				4AE4F8FB297DBFBD00EC5FBD /* Braces.app */,
				4AE4F90B297DBFBE00EC5FBD /* BracesTests.xctest */,
				4AE4F915297DBFBE00EC5FBD /* BracesUITests.xctest */,
			);
			name = Products;
			sourceTree = "<group>";
		};
		4AE4F8FD297DBFBD00EC5FBD /* Braces */ = {
			isa = PBXGroup;
			children = (
				4AE4F8FE297DBFBD00EC5FBD /* BracesApp.swift */,
				4AE4F900297DBFBD00EC5FBD /* ContentView.swift */,
				4ADC70C72986080D00ACBF48 /* FoodDict.swift */,
				4AE4F902297DBFBE00EC5FBD /* Assets.xcassets */,
				4AE4F904297DBFBE00EC5FBD /* Preview Content */,
			);
			path = Braces;
			sourceTree = "<group>";
		};
		4AE4F904297DBFBE00EC5FBD /* Preview Content */ = {
			isa = PBXGroup;
			children = (
				4AE4F905297DBFBE00EC5FBD /* Preview Assets.xcassets */,
			);
			path = "Preview Content";
			sourceTree = "<group>";
		};
		4AE4F90E297DBFBE00EC5FBD /* BracesTests */ = {
			isa = PBXGroup;
			children = (
				4AE4F90F297DBFBE00EC5FBD /* BracesTests.swift */,
			);
			path = BracesTests;
			sourceTree = "<group>";
		};
		4AE4F918297DBFBE00EC5FBD /* BracesUITests */ = {
			isa = PBXGroup;
			children = (
				4AE4F919297DBFBE00EC5FBD /* BracesUITests.swift */,
				4AE4F91B297DBFBE00EC5FBD /* BracesUITestsLaunchTests.swift */,
			);
			path = BracesUITests;
			sourceTree = "<group>";
		};
/* End PBXGroup section */

/* Begin PBXNativeTarget section */
		4AE4F8FA297DBFBD00EC5FBD /* Braces */ = {
			isa = PBXNativeTarget;
			buildConfigurationList = 4AE4F91F297DBFBE00EC5FBD /* Build configuration list for PBXNativeTarget "Braces" */;
			buildPhases = (
				4AE4F8F7297DBFBD00EC5FBD /* Sources */,
				4AE4F8F8297DBFBD00EC5FBD /* Frameworks */,
				4AE4F8F9297DBFBD00EC5FBD /* Resources */,
			);
			buildRules = (
			);
			dependencies = (
			);
			name = Braces;
			productName = Braces;
			productReference = 4AE4F8FB297DBFBD00EC5FBD /* Braces.app */;
			productType = "com.apple.product-type.application";
		};
		4AE4F90A297DBFBE00EC5FBD /* BracesTests */ = {
			isa = PBXNativeTarget;
			buildConfigurationList = 4AE4F922297DBFBE00EC5FBD /* Build configuration list for PBXNativeTarget "BracesTests" */;
			buildPhases = (
				4AE4F907297DBFBE00EC5FBD /* Sources */,
				4AE4F908297DBFBE00EC5FBD /* Frameworks */,
				4AE4F909297DBFBE00EC5FBD /* Resources */,
			);
			buildRules = (
			);
			dependencies = (
				4AE4F90D297DBFBE00EC5FBD /* PBXTargetDependency */,
			);
			name = BracesTests;
			productName = BracesTests;
			productReference = 4AE4F90B297DBFBE00EC5FBD /* BracesTests.xctest */;
			productType = "com.apple.product-type.bundle.unit-test";
		};
		4AE4F914297DBFBE00EC5FBD /* BracesUITests */ = {
			isa = PBXNativeTarget;
			buildConfigurationList = 4AE4F925297DBFBE00EC5FBD /* Build configuration list for PBXNativeTarget "BracesUITests" */;
			buildPhases = (
				4AE4F911297DBFBE00EC5FBD /* Sources */,
				4AE4F912297DBFBE00EC5FBD /* Frameworks */,
				4AE4F913297DBFBE00EC5FBD /* Resources */,
			);
			buildRules = (
			);
			dependencies = (
				4AE4F917297DBFBE00EC5FBD /* PBXTargetDependency */,
			);
			name = BracesUITests;
			productName = BracesUITests;
			productReference = 4AE4F915297DBFBE00EC5FBD /* BracesUITests.xctest */;
			productType = "com.apple.product-type.bundle.ui-testing";
		};
/* End PBXNativeTarget section */

/* Begin PBXProject section */
		4AE4F8F3297DBFBD00EC5FBD /* Project object */ = {
			isa = PBXProject;
			attributes = {
				BuildIndependentTargetsInParallel = 1;
				LastSwiftUpdateCheck = 1420;
				LastUpgradeCheck = 1420;
				TargetAttributes = {
					4AE4F8FA297DBFBD00EC5FBD = {
						CreatedOnToolsVersion = 14.2;
					};
					4AE4F90A297DBFBE00EC5FBD = {
						CreatedOnToolsVersion = 14.2;
						TestTargetID = 4AE4F8FA297DBFBD00EC5FBD;
					};
					4AE4F914297DBFBE00EC5FBD = {
						CreatedOnToolsVersion = 14.2;
						TestTargetID = 4AE4F8FA297DBFBD00EC5FBD;
					};
				};
			};
			buildConfigurationList = 4AE4F8F6297DBFBD00EC5FBD /* Build configuration list for PBXProject "Braces" */;
			compatibilityVersion = "Xcode 14.0";
			developmentRegion = en;
			hasScannedForEncodings = 0;
			knownRegions = (
				en,
				Base,
			);
			mainGroup = 4AE4F8F2297DBFBD00EC5FBD;
			productRefGroup = 4AE4F8FC297DBFBD00EC5FBD /* Products */;
			projectDirPath = "";
			projectRoot = "";
			targets = (
				4AE4F8FA297DBFBD00EC5FBD /* Braces */,
				4AE4F90A297DBFBE00EC5FBD /* BracesTests */,
				4AE4F914297DBFBE00EC5FBD /* BracesUITests */,
			);
		};
/* End PBXProject section */

/* Begin PBXResourcesBuildPhase section */
		4AE4F8F9297DBFBD00EC5FBD /* Resources */ = {
			isa = PBXResourcesBuildPhase;
			buildActionMask = 2147483647;
			files = (
				4AE4F906297DBFBE00EC5FBD /* Preview Assets.xcassets in Resources */,
				4AE4F903297DBFBE00EC5FBD /* Assets.xcassets in Resources */,
			);
			runOnlyForDeploymentPostprocessing = 0;
		};
		4AE4F909297DBFBE00EC5FBD /* Resources */ = {
			isa = PBXResourcesBuildPhase;
			buildActionMask = 2147483647;
			files = (
			);
			runOnlyForDeploymentPostprocessing = 0;
		};
		4AE4F913297DBFBE00EC5FBD /* Resources */ = {
			isa = PBXResourcesBuildPhase;
			buildActionMask = 2147483647;
			files = (
			);
			runOnlyForDeploymentPostprocessing = 0;
		};
/* End PBXResourcesBuildPhase section */

/* Begin PBXSourcesBuildPhase section */
		4AE4F8F7297DBFBD00EC5FBD /* Sources */ = {
			isa = PBXSourcesBuildPhase;
			buildActionMask = 2147483647;
			files = (
				4ADC70C82986080D00ACBF48 /* FoodDict.swift in Sources */,
				4AE4F901297DBFBD00EC5FBD /* ContentView.swift in Sources */,
				4AE4F8FF297DBFBD00EC5FBD /* BracesApp.swift in Sources */,
			);
			runOnlyForDeploymentPostprocessing = 0;
		};
		4AE4F907297DBFBE00EC5FBD /* Sources */ = {
			isa = PBXSourcesBuildPhase;
			buildActionMask = 2147483647;
			files = (
				4AE4F910297DBFBE00EC5FBD /* BracesTests.swift in Sources */,
			);
			runOnlyForDeploymentPostprocessing = 0;
		};
		4AE4F911297DBFBE00EC5FBD /* Sources */ = {
			isa = PBXSourcesBuildPhase;
			buildActionMask = 2147483647;
			files = (
				4AE4F91C297DBFBE00EC5FBD /* BracesUITestsLaunchTests.swift in Sources */,
				4AE4F91A297DBFBE00EC5FBD /* BracesUITests.swift in Sources */,
			);
			runOnlyForDeploymentPostprocessing = 0;
		};
/* End PBXSourcesBuildPhase section */

/* Begin PBXTargetDependency section */
		4AE4F90D297DBFBE00EC5FBD /* PBXTargetDependency */ = {
			isa = PBXTargetDependency;
			target = 4AE4F8FA297DBFBD00EC5FBD /* Braces */;
			targetProxy = 4AE4F90C297DBFBE00EC5FBD /* PBXContainerItemProxy */;
		};
		4AE4F917297DBFBE00EC5FBD /* PBXTargetDependency */ = {
			isa = PBXTargetDependency;
			target = 4AE4F8FA297DBFBD00EC5FBD /* Braces */;
			targetProxy = 4AE4F916297DBFBE00EC5FBD /* PBXContainerItemProxy */;
		};
/* End PBXTargetDependency section */

/* Begin XCBuildConfiguration section */
		4AE4F91D297DBFBE00EC5FBD /* Debug */ = {
			isa = XCBuildConfiguration;
			buildSettings = {
				ALWAYS_SEARCH_USER_PATHS = NO;
				CLANG_ANALYZER_NONNULL = YES;
				CLANG_ANALYZER_NUMBER_OBJECT_CONVERSION = YES_AGGRESSIVE;
				CLANG_CXX_LANGUAGE_STANDARD = "gnu++20";
				CLANG_ENABLE_MODULES = YES;
				CLANG_ENABLE_OBJC_ARC = YES;
				CLANG_ENABLE_OBJC_WEAK = YES;
				CLANG_WARN_BLOCK_CAPTURE_AUTORELEASING = YES;
				CLANG_WARN_BOOL_CONVERSION = YES;
				CLANG_WARN_COMMA = YES;
				CLANG_WARN_CONSTANT_CONVERSION = YES;
				CLANG_WARN_DEPRECATED_OBJC_IMPLEMENTATIONS = YES;
				CLANG_WARN_DIRECT_OBJC_ISA_USAGE = YES_ERROR;
				CLANG_WARN_DOCUMENTATION_COMMENTS = YES;
				CLANG_WARN_EMPTY_BODY = YES;
				CLANG_WARN_ENUM_CONVERSION = YES;
				CLANG_WARN_INFINITE_RECURSION = YES;
				CLANG_WARN_INT_CONVERSION = YES;
				CLANG_WARN_NON_LITERAL_NULL_CONVERSION = YES;
				CLANG_WARN_OBJC_IMPLICIT_RETAIN_SELF = YES;
				CLANG_WARN_OBJC_LITERAL_CONVERSION = YES;
				CLANG_WARN_OBJC_ROOT_CLASS = YES_ERROR;
				CLANG_WARN_QUOTED_INCLUDE_IN_FRAMEWORK_HEADER = YES;
				CLANG_WARN_RANGE_LOOP_ANALYSIS = YES;
				CLANG_WARN_STRICT_PROTOTYPES = YES;
				CLANG_WARN_SUSPICIOUS_MOVE = YES;
				CLANG_WARN_UNGUARDED_AVAILABILITY = YES_AGGRESSIVE;
				CLANG_WARN_UNREACHABLE_CODE = YES;
				CLANG_WARN__DUPLICATE_METHOD_MATCH = YES;
				COPY_PHASE_STRIP = NO;
				DEBUG_INFORMATION_FORMAT = dwarf;
				ENABLE_STRICT_OBJC_MSGSEND = YES;
				ENABLE_TESTABILITY = YES;
				GCC_C_LANGUAGE_STANDARD = gnu11;
				GCC_DYNAMIC_NO_PIC = NO;
				GCC_NO_COMMON_BLOCKS = YES;
				GCC_OPTIMIZATION_LEVEL = 0;
				GCC_PREPROCESSOR_DEFINITIONS = (
					"DEBUG=1",
					"$(inherited)",
				);
				GCC_WARN_64_TO_32_BIT_CONVERSION = YES;
				GCC_WARN_ABOUT_RETURN_TYPE = YES_ERROR;
				GCC_WARN_UNDECLARED_SELECTOR = YES;
				GCC_WARN_UNINITIALIZED_AUTOS = YES_AGGRESSIVE;
				GCC_WARN_UNUSED_FUNCTION = YES;
				GCC_WARN_UNUSED_VARIABLE = YES;
				IPHONEOS_DEPLOYMENT_TARGET = 16.2;
				MTL_ENABLE_DEBUG_INFO = INCLUDE_SOURCE;
				MTL_FAST_MATH = YES;
				ONLY_ACTIVE_ARCH = YES;
				SDKROOT = iphoneos;
				SWIFT_ACTIVE_COMPILATION_CONDITIONS = DEBUG;
				SWIFT_OPTIMIZATION_LEVEL = "-Onone";
			};
			name = Debug;
		};
		4AE4F91E297DBFBE00EC5FBD /* Release */ = {
			isa = XCBuildConfiguration;
			buildSettings = {
				ALWAYS_SEARCH_USER_PATHS = NO;
				CLANG_ANALYZER_NONNULL = YES;
				CLANG_ANALYZER_NUMBER_OBJECT_CONVERSION = YES_AGGRESSIVE;
				CLANG_CXX_LANGUAGE_STANDARD = "gnu++20";
				CLANG_ENABLE_MODULES = YES;
				CLANG_ENABLE_OBJC_ARC = YES;
				CLANG_ENABLE_OBJC_WEAK = YES;
				CLANG_WARN_BLOCK_CAPTURE_AUTORELEASING = YES;
				CLANG_WARN_BOOL_CONVERSION = YES;
				CLANG_WARN_COMMA = YES;
				CLANG_WARN_CONSTANT_CONVERSION = YES;
				CLANG_WARN_DEPRECATED_OBJC_IMPLEMENTATIONS = YES;
				CLANG_WARN_DIRECT_OBJC_ISA_USAGE = YES_ERROR;
				CLANG_WARN_DOCUMENTATION_COMMENTS = YES;
				CLANG_WARN_EMPTY_BODY = YES;
				CLANG_WARN_ENUM_CONVERSION = YES;
				CLANG_WARN_INFINITE_RECURSION = YES;
				CLANG_WARN_INT_CONVERSION = YES;
				CLANG_WARN_NON_LITERAL_NULL_CONVERSION = YES;
				CLANG_WARN_OBJC_IMPLICIT_RETAIN_SELF = YES;
				CLANG_WARN_OBJC_LITERAL_CONVERSION = YES;
				CLANG_WARN_OBJC_ROOT_CLASS = YES_ERROR;
				CLANG_WARN_QUOTED_INCLUDE_IN_FRAMEWORK_HEADER = YES;
				CLANG_WARN_RANGE_LOOP_ANALYSIS = YES;
				CLANG_WARN_STRICT_PROTOTYPES = YES;
				CLANG_WARN_SUSPICIOUS_MOVE = YES;
				CLANG_WARN_UNGUARDED_AVAILABILITY = YES_AGGRESSIVE;
				CLANG_WARN_UNREACHABLE_CODE = YES;
				CLANG_WARN__DUPLICATE_METHOD_MATCH = YES;
				COPY_PHASE_STRIP = NO;
				DEBUG_INFORMATION_FORMAT = "dwarf-with-dsym";
				ENABLE_NS_ASSERTIONS = NO;
				ENABLE_STRICT_OBJC_MSGSEND = YES;
				GCC_C_LANGUAGE_STANDARD = gnu11;
				GCC_NO_COMMON_BLOCKS = YES;
				GCC_WARN_64_TO_32_BIT_CONVERSION = YES;
				GCC_WARN_ABOUT_RETURN_TYPE = YES_ERROR;
				GCC_WARN_UNDECLARED_SELECTOR = YES;
				GCC_WARN_UNINITIALIZED_AUTOS = YES_AGGRESSIVE;
				GCC_WARN_UNUSED_FUNCTION = YES;
				GCC_WARN_UNUSED_VARIABLE = YES;
				IPHONEOS_DEPLOYMENT_TARGET = 16.2;
				MTL_ENABLE_DEBUG_INFO = NO;
				MTL_FAST_MATH = YES;
				SDKROOT = iphoneos;
				SWIFT_COMPILATION_MODE = wholemodule;
				SWIFT_OPTIMIZATION_LEVEL = "-O";
				VALIDATE_PRODUCT = YES;
			};
			name = Release;
		};
		4AE4F920297DBFBE00EC5FBD /* Debug */ = {
			isa = XCBuildConfiguration;
			buildSettings = {
				ASSETCATALOG_COMPILER_APPICON_NAME = AppIcon;
				ASSETCATALOG_COMPILER_GLOBAL_ACCENT_COLOR_NAME = AccentColor;
				CODE_SIGN_STYLE = Automatic;
				CURRENT_PROJECT_VERSION = 1;
				DEVELOPMENT_ASSET_PATHS = "\"Braces/Preview Content\"";
				ENABLE_PREVIEWS = YES;
				GENERATE_INFOPLIST_FILE = YES;
				INFOPLIST_KEY_UIApplicationSceneManifest_Generation = YES;
				INFOPLIST_KEY_UIApplicationSupportsIndirectInputEvents = YES;
				INFOPLIST_KEY_UILaunchScreen_Generation = YES;
				INFOPLIST_KEY_UISupportedInterfaceOrientations_iPad = "UIInterfaceOrientationPortrait UIInterfaceOrientationPortraitUpsideDown UIInterfaceOrientationLandscapeLeft UIInterfaceOrientationLandscapeRight";
				INFOPLIST_KEY_UISupportedInterfaceOrientations_iPhone = "UIInterfaceOrientationPortrait UIInterfaceOrientationLandscapeLeft UIInterfaceOrientationLandscapeRight";
				LD_RUNPATH_SEARCH_PATHS = (
					"$(inherited)",
					"@executable_path/Frameworks",
				);
				MARKETING_VERSION = 1.0;
				PRODUCT_BUNDLE_IDENTIFIER = JoshScoville.Braces;
				PRODUCT_NAME = "$(TARGET_NAME)";
				SWIFT_EMIT_LOC_STRINGS = YES;
				SWIFT_VERSION = 5.0;
				TARGETED_DEVICE_FAMILY = "1,2";
			};
			name = Debug;
		};
		4AE4F921297DBFBE00EC5FBD /* Release */ = {
			isa = XCBuildConfiguration;
			buildSettings = {
				ASSETCATALOG_COMPILER_APPICON_NAME = AppIcon;
				ASSETCATALOG_COMPILER_GLOBAL_ACCENT_COLOR_NAME = AccentColor;
				CODE_SIGN_STYLE = Automatic;
				CURRENT_PROJECT_VERSION = 1;
				DEVELOPMENT_ASSET_PATHS = "\"Braces/Preview Content\"";
				ENABLE_PREVIEWS = YES;
				GENERATE_INFOPLIST_FILE = YES;
				INFOPLIST_KEY_UIApplicationSceneManifest_Generation = YES;
				INFOPLIST_KEY_UIApplicationSupportsIndirectInputEvents = YES;
				INFOPLIST_KEY_UILaunchScreen_Generation = YES;
				INFOPLIST_KEY_UISupportedInterfaceOrientations_iPad = "UIInterfaceOrientationPortrait UIInterfaceOrientationPortraitUpsideDown UIInterfaceOrientationLandscapeLeft UIInterfaceOrientationLandscapeRight";
				INFOPLIST_KEY_UISupportedInterfaceOrientations_iPhone = "UIInterfaceOrientationPortrait UIInterfaceOrientationLandscapeLeft UIInterfaceOrientationLandscapeRight";
				LD_RUNPATH_SEARCH_PATHS = (
					"$(inherited)",
					"@executable_path/Frameworks",
				);
				MARKETING_VERSION = 1.0;
				PRODUCT_BUNDLE_IDENTIFIER = JoshScoville.Braces;
				PRODUCT_NAME = "$(TARGET_NAME)";
				SWIFT_EMIT_LOC_STRINGS = YES;
				SWIFT_VERSION = 5.0;
				TARGETED_DEVICE_FAMILY = "1,2";
			};
			name = Release;
		};
		4AE4F923297DBFBE00EC5FBD /* Debug */ = {
			isa = XCBuildConfiguration;
			buildSettings = {
				ALWAYS_EMBED_SWIFT_STANDARD_LIBRARIES = YES;
				BUNDLE_LOADER = "$(TEST_HOST)";
				CODE_SIGN_STYLE = Automatic;
				CURRENT_PROJECT_VERSION = 1;
				GENERATE_INFOPLIST_FILE = YES;
				IPHONEOS_DEPLOYMENT_TARGET = 16.2;
				MARKETING_VERSION = 1.0;
				PRODUCT_BUNDLE_IDENTIFIER = JoshScoville.BracesTests;
				PRODUCT_NAME = "$(TARGET_NAME)";
				SWIFT_EMIT_LOC_STRINGS = NO;
				SWIFT_VERSION = 5.0;
				TARGETED_DEVICE_FAMILY = "1,2";
				TEST_HOST = "$(BUILT_PRODUCTS_DIR)/Braces.app/$(BUNDLE_EXECUTABLE_FOLDER_PATH)/Braces";
			};
			name = Debug;
		};
		4AE4F924297DBFBE00EC5FBD /* Release */ = {
			isa = XCBuildConfiguration;
			buildSettings = {
				ALWAYS_EMBED_SWIFT_STANDARD_LIBRARIES = YES;
				BUNDLE_LOADER = "$(TEST_HOST)";
				CODE_SIGN_STYLE = Automatic;
				CURRENT_PROJECT_VERSION = 1;
				GENERATE_INFOPLIST_FILE = YES;
				IPHONEOS_DEPLOYMENT_TARGET = 16.2;
				MARKETING_VERSION = 1.0;
				PRODUCT_BUNDLE_IDENTIFIER = JoshScoville.BracesTests;
				PRODUCT_NAME = "$(TARGET_NAME)";
				SWIFT_EMIT_LOC_STRINGS = NO;
				SWIFT_VERSION = 5.0;
				TARGETED_DEVICE_FAMILY = "1,2";
				TEST_HOST = "$(BUILT_PRODUCTS_DIR)/Braces.app/$(BUNDLE_EXECUTABLE_FOLDER_PATH)/Braces";
			};
			name = Release;
		};
		4AE4F926297DBFBE00EC5FBD /* Debug */ = {
			isa = XCBuildConfiguration;
			buildSettings = {
				ALWAYS_EMBED_SWIFT_STANDARD_LIBRARIES = YES;
				CODE_SIGN_STYLE = Automatic;
				CURRENT_PROJECT_VERSION = 1;
				GENERATE_INFOPLIST_FILE = YES;
				MARKETING_VERSION = 1.0;
				PRODUCT_BUNDLE_IDENTIFIER = JoshScoville.BracesUITests;
				PRODUCT_NAME = "$(TARGET_NAME)";
				SWIFT_EMIT_LOC_STRINGS = NO;
				SWIFT_VERSION = 5.0;
				TARGETED_DEVICE_FAMILY = "1,2";
				TEST_TARGET_NAME = Braces;
			};
			name = Debug;
		};
		4AE4F927297DBFBE00EC5FBD /* Release */ = {
			isa = XCBuildConfiguration;
			buildSettings = {
				ALWAYS_EMBED_SWIFT_STANDARD_LIBRARIES = YES;
				CODE_SIGN_STYLE = Automatic;
				CURRENT_PROJECT_VERSION = 1;
				GENERATE_INFOPLIST_FILE = YES;
				MARKETING_VERSION = 1.0;
				PRODUCT_BUNDLE_IDENTIFIER = JoshScoville.BracesUITests;
				PRODUCT_NAME = "$(TARGET_NAME)";
				SWIFT_EMIT_LOC_STRINGS = NO;
				SWIFT_VERSION = 5.0;
				TARGETED_DEVICE_FAMILY = "1,2";
				TEST_TARGET_NAME = Braces;
			};
			name = Release;
		};
/* End XCBuildConfiguration section */

/* Begin XCConfigurationList section */
		4AE4F8F6297DBFBD00EC5FBD /* Build configuration list for PBXProject "Braces" */ = {
			isa = XCConfigurationList;
			buildConfigurations = (
				4AE4F91D297DBFBE00EC5FBD /* Debug */,
				4AE4F91E297DBFBE00EC5FBD /* Release */,
			);
			defaultConfigurationIsVisible = 0;
			defaultConfigurationName = Release;
		};
		4AE4F91F297DBFBE00EC5FBD /* Build configuration list for PBXNativeTarget "Braces" */ = {
			isa = XCConfigurationList;
			buildConfigurations = (
				4AE4F920297DBFBE00EC5FBD /* Debug */,
				4AE4F921297DBFBE00EC5FBD /* Release */,
			);
			defaultConfigurationIsVisible = 0;
			defaultConfigurationName = Release;
		};
		4AE4F922297DBFBE00EC5FBD /* Build configuration list for PBXNativeTarget "BracesTests" */ = {
			isa = XCConfigurationList;
			buildConfigurations = (
				4AE4F923297DBFBE00EC5FBD /* Debug */,
				4AE4F924297DBFBE00EC5FBD /* Release */,
			);
			defaultConfigurationIsVisible = 0;
			defaultConfigurationName = Release;
		};
		4AE4F925297DBFBE00EC5FBD /* Build configuration list for PBXNativeTarget "BracesUITests" */ = {
			isa = XCConfigurationList;
			buildConfigurations = (
				4AE4F926297DBFBE00EC5FBD /* Debug */,
				4AE4F927297DBFBE00EC5FBD /* Release */,
			);
			defaultConfigurationIsVisible = 0;
			defaultConfigurationName = Release;
		};
/* End XCConfigurationList section */
	};
	rootObject = 4AE4F8F3297DBFBD00EC5FBD /* Project object */;
}
